
Microsoft Visual Studio Solution File, Format Version 12.00
# Visual Studio 14
VisualStudioVersion = 14.0.25420.1
MinimumVisualStudioVersion = 10.0.40219.1
Project("{FAE04EC0-301F-11D3-BF4B-00C04F79EFBC}") = "DroidStar", "DroidAppStar\DroidStar.csproj", "{DF5AB46E-ECC5-45D4-8FF8-5F3A2F69FEA7}"
EndProject
Global
	GlobalSection(SolutionConfigurationPlatforms) = preSolution
		Debug|Any CPU = Debug|Any CPU
		Release|Any CPU = Release|Any CPU
	EndGlobalSection
	GlobalSection(ProjectConfigurationPlatforms) = postSolution
		{DF5AB46E-ECC5-45D4-8FF8-5F3A2F69FEA7}.Debug|Any CPU.ActiveCfg = Debug|Any CPU
		{DF5AB46E-ECC5-45D4-8FF8-5F3A2F69FEA7}.Debug|Any CPU.Build.0 = Debug|Any CPU
		{DF5AB46E-ECC5-45D4-8FF8-5F3A2F69FEA7}.Release|Any CPU.ActiveCfg = Release|Any CPU
		{DF5AB46E-ECC5-45D4-8FF8-5F3A2F69FEA7}.Release|Any CPU.Build.0 = Release|Any CPU
	EndGlobalSection
	GlobalSection(SolutionProperties) = preSolution
		HideSolutionNode = FALSE
	EndGlobalSection
EndGlobal
